// !$*UTF8*$!
{
	archiveVersion = 1;
	classes = {
	};
	objectVersion = 48;
	objects = {

/* Begin PBXBuildFile section */
		DE9EDBA72074821300275F1A /* AppDelegate.m in Sources */ = {isa = PBXBuildFile; fileRef = DE9EDBA62074821300275F1A /* AppDelegate.m */; };
		DE9EDBAA2074821300275F1A /* ViewController.m in Sources */ = {isa = PBXBuildFile; fileRef = DE9EDBA92074821300275F1A /* ViewController.m */; };
		DE9EDBAD2074821300275F1A /* Main.storyboard in Resources */ = {isa = PBXBuildFile; fileRef = DE9EDBAB2074821300275F1A /* Main.storyboard */; };
		DE9EDBAF2074821300275F1A /* Assets.xcassets in Resources */ = {isa = PBXBuildFile; fileRef = DE9EDBAE2074821300275F1A /* Assets.xcassets */; };
		DE9EDBB22074821300275F1A /* LaunchScreen.storyboard in Resources */ = {isa = PBXBuildFile; fileRef = DE9EDBB02074821300275F1A /* LaunchScreen.storyboard */; };
		DE9EDBB52074821300275F1A /* main.m in Sources */ = {isa = PBXBuildFile; fileRef = DE9EDBB42074821300275F1A /* main.m */; };
/* End PBXBuildFile section */

/* Begin PBXFileReference section */
		DE9EDBA22074821300275F1A /* 11-封装分页控件.app */ = {isa = PBXFileReference; explicitFileType = wrapper.application; includeInIndex = 0; path = "11-封装分页控件.app"; sourceTree = BUILT_PRODUCTS_DIR; };
		DE9EDBA52074821300275F1A /* AppDelegate.h */ = {isa = PBXFileReference; lastKnownFileType = sourcecode.c.h; path = AppDelegate.h; sourceTree = "<group>"; };
		DE9EDBA62074821300275F1A /* AppDelegate.m */ = {isa = PBXFileReference; lastKnownFileType = sourcecode.c.objc; path = AppDelegate.m; sourceTree = "<group>"; };
		DE9EDBA82074821300275F1A /* ViewController.h */ = {isa = PBXFileReference; lastKnownFileType = sourcecode.c.h; path = ViewController.h; sourceTree = "<group>"; };
		DE9EDBA92074821300275F1A /* ViewController.m */ = {isa = PBXFileReference; lastKnownFileType = sourcecode.c.objc; path = ViewController.m; sourceTree = "<group>"; };
		DE9EDBAC2074821300275F1A /* Base */ = {isa = PBXFileReference; lastKnownFileType = file.storyboard; name = Base; path = Base.lproj/Main.storyboard; sourceTree = "<group>"; };
		DE9EDBAE2074821300275F1A /* Assets.xcassets */ = {isa = PBXFileReference; lastKnownFileType = folder.assetcatalog; path = Assets.xcassets; sourceTree = "<group>"; };
		DE9EDBB12074821300275F1A /* Base */ = {isa = PBXFileReference; lastKnownFileType = file.storyboard; name = Base; path = Base.lproj/LaunchScreen.storyboard; sourceTree = "<group>"; };
		DE9EDBB32074821300275F1A /* Info.plist */ = {isa = PBXFileReference; lastKnownFileType = text.plist.xml; path = Info.plist; sourceTree = "<group>"; };
		DE9EDBB42074821300275F1A /* main.m */ = {isa = PBXFileReference; lastKnownFileType = sourcecode.c.objc; path = main.m; sourceTree = "<group>"; };
/* End PBXFileReference section */

/* Begin PBXFrameworksBuildPhase section */
		DE9EDB9F2074821300275F1A /* Frameworks */ = {
			isa = PBXFrameworksBuildPhase;
			buildActionMask = 2147483647;
			files = (
			);
			runOnlyForDeploymentPostprocessing = 0;
		};
/* End PBXFrameworksBuildPhase section */

/* Begin PBXGroup section */
		DE9EDB992074821300275F1A = {
			isa = PBXGroup;
			children = (
				DE9EDBA42074821300275F1A /* 11-封装分页控件 */,
				DE9EDBA32074821300275F1A /* Products */,
			);
			sourceTree = "<group>";
		};
		DE9EDBA32074821300275F1A /* Products */ = {
			isa = PBXGroup;
			children = (
				DE9EDBA22074821300275F1A /* 11-封装分页控件.app */,
			);
			name = Products;
			sourceTree = "<group>";
		};
		DE9EDBA42074821300275F1A /* 11-封装分页控件 */ = {
			isa = PBXGroup;
			children = (
				DE9EDBA52074821300275F1A /* AppDelegate.h */,
				DE9EDBA62074821300275F1A /* AppDelegate.m */,
				DE9EDBA82074821300275F1A /* ViewController.h */,
				DE9EDBA92074821300275F1A /* ViewController.m */,
				DE9EDBAB2074821300275F1A /* Main.storyboard */,
				DE9EDBAE2074821300275F1A /* Assets.xcassets */,
				DE9EDBB02074821300275F1A /* LaunchScreen.storyboard */,
				DE9EDBB32074821300275F1A /* Info.plist */,
				DE9EDBB42074821300275F1A /* main.m */,
			);
			path = "11-封装分页控件";
			sourceTree = "<group>";
		};
/* End PBXGroup section */

/* Begin PBXNativeTarget section */
		DE9EDBA12074821300275F1A /* 11-封装分页控件 */ = {
			isa = PBXNativeTarget;
			buildConfigurationList = DE9EDBB82074821300275F1A /* Build configuration list for PBXNativeTarget "11-封装分页控件" */;
			buildPhases = (
				DE9EDB9E2074821300275F1A /* Sources */,
				DE9EDB9F2074821300275F1A /* Frameworks */,
				DE9EDBA02074821300275F1A /* Resources */,
			);
			buildRules = (
			);
			dependencies = (
			);
			name = "11-封装分页控件";
			productName = "11-封装分页控件";
			productReference = DE9EDBA22074821300275F1A /* 11-封装分页控件.app */;
			productType = "com.apple.product-type.application";
		};
/* End PBXNativeTarget section */

/* Begin PBXProject section */
		DE9EDB9A2074821300275F1A /* Project object */ = {
			isa = PBXProject;
			attributes = {
				LastUpgradeCheck = 0920;
				ORGANIZATIONNAME = zkinc;
				TargetAttributes = {
					DE9EDBA12074821300275F1A = {
						CreatedOnToolsVersion = 9.2;
						ProvisioningStyle = Automatic;
					};
				};
			};
			buildConfigurationList = DE9EDB9D2074821300275F1A /* Build configuration list for PBXProject "11-封装分页控件" */;
			compatibilityVersion = "Xcode 8.0";
			developmentRegion = en;
			hasScannedForEncodings = 0;
			knownRegions = (
				en,
				Base,
			);
			mainGroup = DE9EDB992074821300275F1A;
			productRefGroup = DE9EDBA32074821300275F1A /* Products */;
			projectDirPath = "";
			projectRoot = "";
			targets = (
				DE9EDBA12074821300275F1A /* 11-封装分页控件 */,
			);
		};
/* End PBXProject section */

/* Begin PBXResourcesBuildPhase section */
		DE9EDBA02074821300275F1A /* Resources */ = {
			isa = PBXResourcesBuildPhase;
			buildActionMask = 2147483647;
			files = (
				DE9EDBB22074821300275F1A /* LaunchScreen.storyboard in Resources */,
				DE9EDBAF2074821300275F1A /* Assets.xcassets in Resources */,
				DE9EDBAD2074821300275F1A /* Main.storyboard in Resources */,
			);
			runOnlyForDeploymentPostprocessing = 0;
		};
/* End PBXResourcesBuildPhase section */

/* Begin PBXSourcesBuildPhase section */
		DE9EDB9E2074821300275F1A /* Sources */ = {
			isa = PBXSourcesBuildPhase;
			buildActionMask = 2147483647;
			files = (
				DE9EDBAA2074821300275F1A /* ViewController.m in Sources */,
				DE9EDBB52074821300275F1A /* main.m in Sources */,
				DE9EDBA72074821300275F1A /* AppDelegate.m in Sources */,
			);
			runOnlyForDeploymentPostprocessing = 0;
		};
/* End PBXSourcesBuildPhase section */

/* Begin PBXVariantGroup section */
		DE9EDBAB2074821300275F1A /* Main.storyboard */ = {
			isa = PBXVariantGroup;
			children = (
				DE9EDBAC2074821300275F1A /* Base */,
			);
			name = Main.storyboard;
			sourceTree = "<group>";
		};
		DE9EDBB02074821300275F1A /* LaunchScreen.storyboard */ = {
			isa = PBXVariantGroup;
			children = (
				DE9EDBB12074821300275F1A /* Base */,
			);
			name = LaunchScreen.storyboard;
			sourceTree = "<group>";
		};
/* End PBXVariantGroup section */

/* Begin XCBuildConfiguration section */
		DE9EDBB62074821300275F1A /* Debug */ = {
			isa = XCBuildConfiguration;
			buildSettings = {
				ALWAYS_SEARCH_USER_PATHS = NO;
				CLANG_ANALYZER_NONNULL = YES;
				CLANG_ANALYZER_NUMBER_OBJECT_CONVERSION = YES_AGGRESSIVE;
				CLANG_CXX_LANGUAGE_STANDARD = "gnu++14";
				CLANG_CXX_LIBRARY = "libc++";
				CLANG_ENABLE_MODULES = YES;
				CLANG_ENABLE_OBJC_ARC = YES;
				CLANG_WARN_BLOCK_CAPTURE_AUTORELEASING = YES;
				CLANG_WARN_BOOL_CONVERSION = YES;
				CLANG_WARN_COMMA = YES;
				CLANG_WARN_CONSTANT_CONVERSION = YES;
				CLANG_WARN_DIRECT_OBJC_ISA_USAGE = YES_ERROR;
				CLANG_WARN_DOCUMENTATION_COMMENTS = YES;
				CLANG_WARN_EMPTY_BODY = YES;
				CLANG_WARN_ENUM_CONVERSION = YES;
				CLANG_WARN_INFINITE_RECURSION = YES;
				CLANG_WARN_INT_CONVERSION = YES;
				CLANG_WARN_NON_LITERAL_NULL_CONVERSION = YES;
				CLANG_WARN_OBJC_LITERAL_CONVERSION = YES;
				CLANG_WARN_OBJC_ROOT_CLASS = YES_ERROR;
				CLANG_WARN_RANGE_LOOP_ANALYSIS = YES;
				CLANG_WARN_STRICT_PROTOTYPES = YES;
				CLANG_WARN_SUSPICIOUS_MOVE = YES;
				CLANG_WARN_UNGUARDED_AVAILABILITY = YES_AGGRESSIVE;
				CLANG_WARN_UNREACHABLE_CODE = YES;
				CLANG_WARN__DUPLICATE_METHOD_MATCH = YES;
				CODE_SIGN_IDENTITY = "iPhone Developer";
				COPY_PHASE_STRIP = NO;
				DEBUG_INFORMATION_FORMAT = dwarf;
				ENABLE_STRICT_OBJC_MSGSEND = YES;
				ENABLE_TESTABILITY = YES;
				GCC_C_LANGUAGE_STANDARD = gnu11;
				GCC_DYNAMIC_NO_PIC = NO;
				GCC_NO_COMMON_BLOCKS = YES;
				GCC_OPTIMIZATION_LEVEL = 0;
				GCC_PREPROCESSOR_DEFINITIONS = (
					"DEBUG=1",
					"$(inherited)",
				);
				GCC_WARN_64_TO_32_BIT_CONVERSION = YES;
				GCC_WARN_ABOUT_RETURN_TYPE = YES_ERROR;
				GCC_WARN_UNDECLARED_SELECTOR = YES;
				GCC_WARN_UNINITIALIZED_AUTOS = YES_AGGRESSIVE;
				GCC_WARN_UNUSED_FUNCTION = YES;
				GCC_WARN_UNUSED_VARIABLE = YES;
				IPHONEOS_DEPLOYMENT_TARGET = 11.2;
				MTL_ENABLE_DEBUG_INFO = YES;
				ONLY_ACTIVE_ARCH = YES;
				SDKROOT = iphoneos;
			};
			name = Debug;
		};
		DE9EDBB72074821300275F1A /* Release */ = {
			isa = XCBuildConfiguration;
			buildSettings = {
				ALWAYS_SEARCH_USER_PATHS = NO;
				CLANG_ANALYZER_NONNULL = YES;
				CLANG_ANALYZER_NUMBER_OBJECT_CONVERSION = YES_AGGRESSIVE;
				CLANG_CXX_LANGUAGE_STANDARD = "gnu++14";
				CLANG_CXX_LIBRARY = "libc++";
				CLANG_ENABLE_MODULES = YES;
				CLANG_ENABLE_OBJC_ARC = YES;
				CLANG_WARN_BLOCK_CAPTURE_AUTORELEASING = YES;
				CLANG_WARN_BOOL_CONVERSION = YES;
				CLANG_WARN_COMMA = YES;
				CLANG_WARN_CONSTANT_CONVERSION = YES;
				CLANG_WARN_DIRECT_OBJC_ISA_USAGE = YES_ERROR;
				CLANG_WARN_DOCUMENTATION_COMMENTS = YES;
				CLANG_WARN_EMPTY_BODY = YES;
				CLANG_WARN_ENUM_CONVERSION = YES;
				CLANG_WARN_INFINITE_RECURSION = YES;
				CLANG_WARN_INT_CONVERSION = YES;
				CLANG_WARN_NON_LITERAL_NULL_CONVERSION = YES;
				CLANG_WARN_OBJC_LITERAL_CONVERSION = YES;
				CLANG_WARN_OBJC_ROOT_CLASS = YES_ERROR;
				CLANG_WARN_RANGE_LOOP_ANALYSIS = YES;
				CLANG_WARN_STRICT_PROTOTYPES = YES;
				CLANG_WARN_SUSPICIOUS_MOVE = YES;
				CLANG_WARN_UNGUARDED_AVAILABILITY = YES_AGGRESSIVE;
				CLANG_WARN_UNREACHABLE_CODE = YES;
				CLANG_WARN__DUPLICATE_METHOD_MATCH = YES;
				CODE_SIGN_IDENTITY = "iPhone Developer";
				COPY_PHASE_STRIP = NO;
				DEBUG_INFORMATION_FORMAT = "dwarf-with-dsym";
				ENABLE_NS_ASSERTIONS = NO;
				ENABLE_STRICT_OBJC_MSGSEND = YES;
				GCC_C_LANGUAGE_STANDARD = gnu11;
				GCC_NO_COMMON_BLOCKS = YES;
				GCC_WARN_64_TO_32_BIT_CONVERSION = YES;
				GCC_WARN_ABOUT_RETURN_TYPE = YES_ERROR;
				GCC_WARN_UNDECLARED_SELECTOR = YES;
				GCC_WARN_UNINITIALIZED_AUTOS = YES_AGGRESSIVE;
				GCC_WARN_UNUSED_FUNCTION = YES;
				GCC_WARN_UNUSED_VARIABLE = YES;
				IPHONEOS_DEPLOYMENT_TARGET = 11.2;
				MTL_ENABLE_DEBUG_INFO = NO;
				SDKROOT = iphoneos;
				VALIDATE_PRODUCT = YES;
			};
			name = Release;
		};
		DE9EDBB92074821300275F1A /* Debug */ = {
			isa = XCBuildConfiguration;
			buildSettings = {
				ASSETCATALOG_COMPILER_APPICON_NAME = AppIcon;
				CODE_SIGN_STYLE = Automatic;
				DEVELOPMENT_TEAM = HWPJQHW6K7;
				INFOPLIST_FILE = "11-封装分页控件/Info.plist";
				LD_RUNPATH_SEARCH_PATHS = "$(inherited) @executable_path/Frameworks";
				PRODUCT_BUNDLE_IDENTIFIER = "com.ng.MicroMessage.-1-------";
				PRODUCT_NAME = "$(TARGET_NAME)";
				TARGETED_DEVICE_FAMILY = "1,2";
			};
			name = Debug;
		};
		DE9EDBBA2074821300275F1A /* Release */ = {
			isa = XCBuildConfiguration;
			buildSettings = {
				ASSETCATALOG_COMPILER_APPICON_NAME = AppIcon;
				CODE_SIGN_STYLE = Automatic;
				DEVELOPMENT_TEAM = HWPJQHW6K7;
				INFOPLIST_FILE = "11-封装分页控件/Info.plist";
				LD_RUNPATH_SEARCH_PATHS = "$(inherited) @executable_path/Frameworks";
				PRODUCT_BUNDLE_IDENTIFIER = "com.ng.MicroMessage.-1-------";
				PRODUCT_NAME = "$(TARGET_NAME)";
				TARGETED_DEVICE_FAMILY = "1,2";
			};
			name = Release;
		};
/* End XCBuildConfiguration section */

/* Begin XCConfigurationList section */
		DE9EDB9D2074821300275F1A /* Build configuration list for PBXProject "11-封装分页控件" */ = {
			isa = XCConfigurationList;
			buildConfigurations = (
				DE9EDBB62074821300275F1A /* Debug */,
				DE9EDBB72074821300275F1A /* Release */,
			);
			defaultConfigurationIsVisible = 0;
			defaultConfigurationName = Release;
		};
		DE9EDBB82074821300275F1A /* Build configuration list for PBXNativeTarget "11-封装分页控件" */ = {
			isa = XCConfigurationList;
			buildConfigurations = (
				DE9EDBB92074821300275F1A /* Debug */,
				DE9EDBBA2074821300275F1A /* Release */,
			);
			defaultConfigurationIsVisible = 0;
			defaultConfigurationName = Release;
		};
/* End XCConfigurationList section */
	};
	rootObject = DE9EDB9A2074821300275F1A /* Project object */;
}
