// !$*UTF8*$!
{
	archiveVersion = 1;
	classes = {
	};
	objectVersion = 48;
	objects = {

/* Begin PBXBuildFile section */
		D0BE0FB72075E11E00E60279 /* AppDelegate.m in Sources */ = {isa = PBXBuildFile; fileRef = D0BE0FB62075E11E00E60279 /* AppDelegate.m */; };
		D0BE0FBA2075E11E00E60279 /* ViewController.m in Sources */ = {isa = PBXBuildFile; fileRef = D0BE0FB92075E11E00E60279 /* ViewController.m */; };
		D0BE0FBD2075E11E00E60279 /* Main.storyboard in Resources */ = {isa = PBXBuildFile; fileRef = D0BE0FBB2075E11E00E60279 /* Main.storyboard */; };
		D0BE0FBF2075E11E00E60279 /* Assets.xcassets in Resources */ = {isa = PBXBuildFile; fileRef = D0BE0FBE2075E11E00E60279 /* Assets.xcassets */; };
		D0BE0FC22075E11E00E60279 /* LaunchScreen.storyboard in Resources */ = {isa = PBXBuildFile; fileRef = D0BE0FC02075E11E00E60279 /* LaunchScreen.storyboard */; };
		D0BE0FC52075E11E00E60279 /* main.m in Sources */ = {isa = PBXBuildFile; fileRef = D0BE0FC42075E11E00E60279 /* main.m */; };
/* End PBXBuildFile section */

/* Begin PBXFileReference section */
		D0BE0FB22075E11E00E60279 /* 11-分页控件.app */ = {isa = PBXFileReference; explicitFileType = wrapper.application; includeInIndex = 0; path = "11-分页控件.app"; sourceTree = BUILT_PRODUCTS_DIR; };
		D0BE0FB52075E11E00E60279 /* AppDelegate.h */ = {isa = PBXFileReference; lastKnownFileType = sourcecode.c.h; path = AppDelegate.h; sourceTree = "<group>"; };
		D0BE0FB62075E11E00E60279 /* AppDelegate.m */ = {isa = PBXFileReference; lastKnownFileType = sourcecode.c.objc; path = AppDelegate.m; sourceTree = "<group>"; };
		D0BE0FB82075E11E00E60279 /* ViewController.h */ = {isa = PBXFileReference; lastKnownFileType = sourcecode.c.h; path = ViewController.h; sourceTree = "<group>"; };
		D0BE0FB92075E11E00E60279 /* ViewController.m */ = {isa = PBXFileReference; lastKnownFileType = sourcecode.c.objc; path = ViewController.m; sourceTree = "<group>"; };
		D0BE0FBC2075E11E00E60279 /* Base */ = {isa = PBXFileReference; lastKnownFileType = file.storyboard; name = Base; path = Base.lproj/Main.storyboard; sourceTree = "<group>"; };
		D0BE0FBE2075E11E00E60279 /* Assets.xcassets */ = {isa = PBXFileReference; lastKnownFileType = folder.assetcatalog; path = Assets.xcassets; sourceTree = "<group>"; };
		D0BE0FC12075E11E00E60279 /* Base */ = {isa = PBXFileReference; lastKnownFileType = file.storyboard; name = Base; path = Base.lproj/LaunchScreen.storyboard; sourceTree = "<group>"; };
		D0BE0FC32075E11E00E60279 /* Info.plist */ = {isa = PBXFileReference; lastKnownFileType = text.plist.xml; path = Info.plist; sourceTree = "<group>"; };
		D0BE0FC42075E11E00E60279 /* main.m */ = {isa = PBXFileReference; lastKnownFileType = sourcecode.c.objc; path = main.m; sourceTree = "<group>"; };
/* End PBXFileReference section */

/* Begin PBXFrameworksBuildPhase section */
		D0BE0FAF2075E11E00E60279 /* Frameworks */ = {
			isa = PBXFrameworksBuildPhase;
			buildActionMask = 2147483647;
			files = (
			);
			runOnlyForDeploymentPostprocessing = 0;
		};
/* End PBXFrameworksBuildPhase section */

/* Begin PBXGroup section */
		D0BE0FA92075E11E00E60279 = {
			isa = PBXGroup;
			children = (
				D0BE0FB42075E11E00E60279 /* 11-分页控件 */,
				D0BE0FB32075E11E00E60279 /* Products */,
			);
			sourceTree = "<group>";
		};
		D0BE0FB32075E11E00E60279 /* Products */ = {
			isa = PBXGroup;
			children = (
				D0BE0FB22075E11E00E60279 /* 11-分页控件.app */,
			);
			name = Products;
			sourceTree = "<group>";
		};
		D0BE0FB42075E11E00E60279 /* 11-分页控件 */ = {
			isa = PBXGroup;
			children = (
				D0BE0FB52075E11E00E60279 /* AppDelegate.h */,
				D0BE0FB62075E11E00E60279 /* AppDelegate.m */,
				D0BE0FB82075E11E00E60279 /* ViewController.h */,
				D0BE0FB92075E11E00E60279 /* ViewController.m */,
				D0BE0FBB2075E11E00E60279 /* Main.storyboard */,
				D0BE0FBE2075E11E00E60279 /* Assets.xcassets */,
				D0BE0FC02075E11E00E60279 /* LaunchScreen.storyboard */,
				D0BE0FC32075E11E00E60279 /* Info.plist */,
				D0BE0FC42075E11E00E60279 /* main.m */,
			);
			path = "11-分页控件";
			sourceTree = "<group>";
		};
/* End PBXGroup section */

/* Begin PBXNativeTarget section */
		D0BE0FB12075E11E00E60279 /* 11-分页控件 */ = {
			isa = PBXNativeTarget;
			buildConfigurationList = D0BE0FC82075E11E00E60279 /* Build configuration list for PBXNativeTarget "11-分页控件" */;
			buildPhases = (
				D0BE0FAE2075E11E00E60279 /* Sources */,
				D0BE0FAF2075E11E00E60279 /* Frameworks */,
				D0BE0FB02075E11E00E60279 /* Resources */,
			);
			buildRules = (
			);
			dependencies = (
			);
			name = "11-分页控件";
			productName = "11-分页控件";
			productReference = D0BE0FB22075E11E00E60279 /* 11-分页控件.app */;
			productType = "com.apple.product-type.application";
		};
/* End PBXNativeTarget section */

/* Begin PBXProject section */
		D0BE0FAA2075E11E00E60279 /* Project object */ = {
			isa = PBXProject;
			attributes = {
				LastUpgradeCheck = 0920;
				ORGANIZATIONNAME = xiaoming;
				TargetAttributes = {
					D0BE0FB12075E11E00E60279 = {
						CreatedOnToolsVersion = 9.2;
						ProvisioningStyle = Automatic;
					};
				};
			};
			buildConfigurationList = D0BE0FAD2075E11E00E60279 /* Build configuration list for PBXProject "11-分页控件" */;
			compatibilityVersion = "Xcode 8.0";
			developmentRegion = en;
			hasScannedForEncodings = 0;
			knownRegions = (
				en,
				Base,
			);
			mainGroup = D0BE0FA92075E11E00E60279;
			productRefGroup = D0BE0FB32075E11E00E60279 /* Products */;
			projectDirPath = "";
			projectRoot = "";
			targets = (
				D0BE0FB12075E11E00E60279 /* 11-分页控件 */,
			);
		};
/* End PBXProject section */

/* Begin PBXResourcesBuildPhase section */
		D0BE0FB02075E11E00E60279 /* Resources */ = {
			isa = PBXResourcesBuildPhase;
			buildActionMask = 2147483647;
			files = (
				D0BE0FC22075E11E00E60279 /* LaunchScreen.storyboard in Resources */,
				D0BE0FBF2075E11E00E60279 /* Assets.xcassets in Resources */,
				D0BE0FBD2075E11E00E60279 /* Main.storyboard in Resources */,
			);
			runOnlyForDeploymentPostprocessing = 0;
		};
/* End PBXResourcesBuildPhase section */

/* Begin PBXSourcesBuildPhase section */
		D0BE0FAE2075E11E00E60279 /* Sources */ = {
			isa = PBXSourcesBuildPhase;
			buildActionMask = 2147483647;
			files = (
				D0BE0FBA2075E11E00E60279 /* ViewController.m in Sources */,
				D0BE0FC52075E11E00E60279 /* main.m in Sources */,
				D0BE0FB72075E11E00E60279 /* AppDelegate.m in Sources */,
			);
			runOnlyForDeploymentPostprocessing = 0;
		};
/* End PBXSourcesBuildPhase section */

/* Begin PBXVariantGroup section */
		D0BE0FBB2075E11E00E60279 /* Main.storyboard */ = {
			isa = PBXVariantGroup;
			children = (
				D0BE0FBC2075E11E00E60279 /* Base */,
			);
			name = Main.storyboard;
			sourceTree = "<group>";
		};
		D0BE0FC02075E11E00E60279 /* LaunchScreen.storyboard */ = {
			isa = PBXVariantGroup;
			children = (
				D0BE0FC12075E11E00E60279 /* Base */,
			);
			name = LaunchScreen.storyboard;
			sourceTree = "<group>";
		};
/* End PBXVariantGroup section */

/* Begin XCBuildConfiguration section */
		D0BE0FC62075E11E00E60279 /* Debug */ = {
			isa = XCBuildConfiguration;
			buildSettings = {
				ALWAYS_SEARCH_USER_PATHS = NO;
				CLANG_ANALYZER_NONNULL = YES;
				CLANG_ANALYZER_NUMBER_OBJECT_CONVERSION = YES_AGGRESSIVE;
				CLANG_CXX_LANGUAGE_STANDARD = "gnu++14";
				CLANG_CXX_LIBRARY = "libc++";
				CLANG_ENABLE_MODULES = YES;
				CLANG_ENABLE_OBJC_ARC = YES;
				CLANG_WARN_BLOCK_CAPTURE_AUTORELEASING = YES;
				CLANG_WARN_BOOL_CONVERSION = YES;
				CLANG_WARN_COMMA = YES;
				CLANG_WARN_CONSTANT_CONVERSION = YES;
				CLANG_WARN_DIRECT_OBJC_ISA_USAGE = YES_ERROR;
				CLANG_WARN_DOCUMENTATION_COMMENTS = YES;
				CLANG_WARN_EMPTY_BODY = YES;
				CLANG_WARN_ENUM_CONVERSION = YES;
				CLANG_WARN_INFINITE_RECURSION = YES;
				CLANG_WARN_INT_CONVERSION = YES;
				CLANG_WARN_NON_LITERAL_NULL_CONVERSION = YES;
				CLANG_WARN_OBJC_LITERAL_CONVERSION = YES;
				CLANG_WARN_OBJC_ROOT_CLASS = YES_ERROR;
				CLANG_WARN_RANGE_LOOP_ANALYSIS = YES;
				CLANG_WARN_STRICT_PROTOTYPES = YES;
				CLANG_WARN_SUSPICIOUS_MOVE = YES;
				CLANG_WARN_UNGUARDED_AVAILABILITY = YES_AGGRESSIVE;
				CLANG_WARN_UNREACHABLE_CODE = YES;
				CLANG_WARN__DUPLICATE_METHOD_MATCH = YES;
				CODE_SIGN_IDENTITY = "iPhone Developer";
				COPY_PHASE_STRIP = NO;
				DEBUG_INFORMATION_FORMAT = dwarf;
				ENABLE_STRICT_OBJC_MSGSEND = YES;
				ENABLE_TESTABILITY = YES;
				GCC_C_LANGUAGE_STANDARD = gnu11;
				GCC_DYNAMIC_NO_PIC = NO;
				GCC_NO_COMMON_BLOCKS = YES;
				GCC_OPTIMIZATION_LEVEL = 0;
				GCC_PREPROCESSOR_DEFINITIONS = (
					"DEBUG=1",
					"$(inherited)",
				);
				GCC_WARN_64_TO_32_BIT_CONVERSION = YES;
				GCC_WARN_ABOUT_RETURN_TYPE = YES_ERROR;
				GCC_WARN_UNDECLARED_SELECTOR = YES;
				GCC_WARN_UNINITIALIZED_AUTOS = YES_AGGRESSIVE;
				GCC_WARN_UNUSED_FUNCTION = YES;
				GCC_WARN_UNUSED_VARIABLE = YES;
				IPHONEOS_DEPLOYMENT_TARGET = 11.2;
				MTL_ENABLE_DEBUG_INFO = YES;
				ONLY_ACTIVE_ARCH = YES;
				SDKROOT = iphoneos;
			};
			name = Debug;
		};
		D0BE0FC72075E11E00E60279 /* Release */ = {
			isa = XCBuildConfiguration;
			buildSettings = {
				ALWAYS_SEARCH_USER_PATHS = NO;
				CLANG_ANALYZER_NONNULL = YES;
				CLANG_ANALYZER_NUMBER_OBJECT_CONVERSION = YES_AGGRESSIVE;
				CLANG_CXX_LANGUAGE_STANDARD = "gnu++14";
				CLANG_CXX_LIBRARY = "libc++";
				CLANG_ENABLE_MODULES = YES;
				CLANG_ENABLE_OBJC_ARC = YES;
				CLANG_WARN_BLOCK_CAPTURE_AUTORELEASING = YES;
				CLANG_WARN_BOOL_CONVERSION = YES;
				CLANG_WARN_COMMA = YES;
				CLANG_WARN_CONSTANT_CONVERSION = YES;
				CLANG_WARN_DIRECT_OBJC_ISA_USAGE = YES_ERROR;
				CLANG_WARN_DOCUMENTATION_COMMENTS = YES;
				CLANG_WARN_EMPTY_BODY = YES;
				CLANG_WARN_ENUM_CONVERSION = YES;
				CLANG_WARN_INFINITE_RECURSION = YES;
				CLANG_WARN_INT_CONVERSION = YES;
				CLANG_WARN_NON_LITERAL_NULL_CONVERSION = YES;
				CLANG_WARN_OBJC_LITERAL_CONVERSION = YES;
				CLANG_WARN_OBJC_ROOT_CLASS = YES_ERROR;
				CLANG_WARN_RANGE_LOOP_ANALYSIS = YES;
				CLANG_WARN_STRICT_PROTOTYPES = YES;
				CLANG_WARN_SUSPICIOUS_MOVE = YES;
				CLANG_WARN_UNGUARDED_AVAILABILITY = YES_AGGRESSIVE;
				CLANG_WARN_UNREACHABLE_CODE = YES;
				CLANG_WARN__DUPLICATE_METHOD_MATCH = YES;
				CODE_SIGN_IDENTITY = "iPhone Developer";
				COPY_PHASE_STRIP = NO;
				DEBUG_INFORMATION_FORMAT = "dwarf-with-dsym";
				ENABLE_NS_ASSERTIONS = NO;
				ENABLE_STRICT_OBJC_MSGSEND = YES;
				GCC_C_LANGUAGE_STANDARD = gnu11;
				GCC_NO_COMMON_BLOCKS = YES;
				GCC_WARN_64_TO_32_BIT_CONVERSION = YES;
				GCC_WARN_ABOUT_RETURN_TYPE = YES_ERROR;
				GCC_WARN_UNDECLARED_SELECTOR = YES;
				GCC_WARN_UNINITIALIZED_AUTOS = YES_AGGRESSIVE;
				GCC_WARN_UNUSED_FUNCTION = YES;
				GCC_WARN_UNUSED_VARIABLE = YES;
				IPHONEOS_DEPLOYMENT_TARGET = 11.2;
				MTL_ENABLE_DEBUG_INFO = NO;
				SDKROOT = iphoneos;
				VALIDATE_PRODUCT = YES;
			};
			name = Release;
		};
		D0BE0FC92075E11E00E60279 /* Debug */ = {
			isa = XCBuildConfiguration;
			buildSettings = {
				ASSETCATALOG_COMPILER_APPICON_NAME = AppIcon;
				CODE_SIGN_STYLE = Automatic;
				DEVELOPMENT_TEAM = HWPJQHW6K7;
				INFOPLIST_FILE = "11-分页控件/Info.plist";
				LD_RUNPATH_SEARCH_PATHS = "$(inherited) @executable_path/Frameworks";
				PRODUCT_BUNDLE_IDENTIFIER = "CXM.-1-----";
				PRODUCT_NAME = "$(TARGET_NAME)";
				TARGETED_DEVICE_FAMILY = "1,2";
			};
			name = Debug;
		};
		D0BE0FCA2075E11E00E60279 /* Release */ = {
			isa = XCBuildConfiguration;
			buildSettings = {
				ASSETCATALOG_COMPILER_APPICON_NAME = AppIcon;
				CODE_SIGN_STYLE = Automatic;
				DEVELOPMENT_TEAM = HWPJQHW6K7;
				INFOPLIST_FILE = "11-分页控件/Info.plist";
				LD_RUNPATH_SEARCH_PATHS = "$(inherited) @executable_path/Frameworks";
				PRODUCT_BUNDLE_IDENTIFIER = "CXM.-1-----";
				PRODUCT_NAME = "$(TARGET_NAME)";
				TARGETED_DEVICE_FAMILY = "1,2";
			};
			name = Release;
		};
/* End XCBuildConfiguration section */

/* Begin XCConfigurationList section */
		D0BE0FAD2075E11E00E60279 /* Build configuration list for PBXProject "11-分页控件" */ = {
			isa = XCConfigurationList;
			buildConfigurations = (
				D0BE0FC62075E11E00E60279 /* Debug */,
				D0BE0FC72075E11E00E60279 /* Release */,
			);
			defaultConfigurationIsVisible = 0;
			defaultConfigurationName = Release;
		};
		D0BE0FC82075E11E00E60279 /* Build configuration list for PBXNativeTarget "11-分页控件" */ = {
			isa = XCConfigurationList;
			buildConfigurations = (
				D0BE0FC92075E11E00E60279 /* Debug */,
				D0BE0FCA2075E11E00E60279 /* Release */,
			);
			defaultConfigurationIsVisible = 0;
			defaultConfigurationName = Release;
		};
/* End XCConfigurationList section */
	};
	rootObject = D0BE0FAA2075E11E00E60279 /* Project object */;
}
